
Microsoft Visual Studio Solution File, Format Version 12.00
# Visual Studio Version 16
VisualStudioVersion = 16.0.31613.86
MinimumVisualStudioVersion = 10.0.40219.1
Project("{FAE04EC0-301F-11D3-BF4B-00C04F79EFBC}") = "lab14", "lab14.csproj", "{AA31D54E-F0E8-455D-9156-096FDE07F2D5}"
EndProject
Global
	GlobalSection(SolutionConfigurationPlatforms) = preSolution
		Debug|Any CPU = Debug|Any CPU
		Release|Any CPU = Release|Any CPU
	EndGlobalSection
	GlobalSection(ProjectConfigurationPlatforms) = postSolution
		{AA31D54E-F0E8-455D-9156-096FDE07F2D5}.Debug|Any CPU.ActiveCfg = Debug|Any CPU
		{AA31D54E-F0E8-455D-9156-096FDE07F2D5}.Debug|Any CPU.Build.0 = Debug|Any CPU
		{AA31D54E-F0E8-455D-9156-096FDE07F2D5}.Release|Any CPU.ActiveCfg = Release|Any CPU
		{AA31D54E-F0E8-455D-9156-096FDE07F2D5}.Release|Any CPU.Build.0 = Release|Any CPU
	EndGlobalSection
	GlobalSection(SolutionProperties) = preSolution
		HideSolutionNode = FALSE
	EndGlobalSection
	GlobalSection(ExtensibilityGlobals) = postSolution
		SolutionGuid = {FF0AED39-28B6-48F1-A51B-21C5C91E32DD}
	EndGlobalSection
EndGlobal
