
Microsoft Visual Studio Solution File, Format Version 12.00
# Visual Studio Version 16
VisualStudioVersion = 16.0.31613.86
MinimumVisualStudioVersion = 10.0.40219.1
Project("{FAE04EC0-301F-11D3-BF4B-00C04F79EFBC}") = "lab06", "lab06.csproj", "{00FD98B9-536B-4410-97DE-44326E4AD3CC}"
EndProject
Global
	GlobalSection(SolutionConfigurationPlatforms) = preSolution
		Debug|Any CPU = Debug|Any CPU
		Release|Any CPU = Release|Any CPU
	EndGlobalSection
	GlobalSection(ProjectConfigurationPlatforms) = postSolution
		{00FD98B9-536B-4410-97DE-44326E4AD3CC}.Debug|Any CPU.ActiveCfg = Debug|Any CPU
		{00FD98B9-536B-4410-97DE-44326E4AD3CC}.Debug|Any CPU.Build.0 = Debug|Any CPU
		{00FD98B9-536B-4410-97DE-44326E4AD3CC}.Release|Any CPU.ActiveCfg = Release|Any CPU
		{00FD98B9-536B-4410-97DE-44326E4AD3CC}.Release|Any CPU.Build.0 = Release|Any CPU
	EndGlobalSection
	GlobalSection(SolutionProperties) = preSolution
		HideSolutionNode = FALSE
	EndGlobalSection
	GlobalSection(ExtensibilityGlobals) = postSolution
		SolutionGuid = {01D2296F-D31C-4DA9-AFA6-DE107E114FA9}
	EndGlobalSection
EndGlobal
